
Microsoft Visual Studio Solution File, Format Version 12.00
# Visual Studio Version 17
VisualStudioVersion = 17.2.32526.322
MinimumVisualStudioVersion = 10.0.40219.1
Project("{9A19103F-16F7-4668-BE54-9A1E7A4F7556}") = "AWSLambdaCorreos", "AWSLambdaCorreos\AWSLambdaCorreos.csproj", "{9C7CB759-6C3F-4E7B-BF2A-E14C463B73A7}"
EndProject
Global
	GlobalSection(SolutionConfigurationPlatforms) = preSolution
		Debug|Any CPU = Debug|Any CPU
		Release|Any CPU = Release|Any CPU
	EndGlobalSection
	GlobalSection(ProjectConfigurationPlatforms) = postSolution
		{9C7CB759-6C3F-4E7B-BF2A-E14C463B73A7}.Debug|Any CPU.ActiveCfg = Debug|Any CPU
		{9C7CB759-6C3F-4E7B-BF2A-E14C463B73A7}.Debug|Any CPU.Build.0 = Debug|Any CPU
		{9C7CB759-6C3F-4E7B-BF2A-E14C463B73A7}.Release|Any CPU.ActiveCfg = Release|Any CPU
		{9C7CB759-6C3F-4E7B-BF2A-E14C463B73A7}.Release|Any CPU.Build.0 = Release|Any CPU
	EndGlobalSection
	GlobalSection(SolutionProperties) = preSolution
		HideSolutionNode = FALSE
	EndGlobalSection
	GlobalSection(ExtensibilityGlobals) = postSolution
		SolutionGuid = {D38A4FF2-A8A8-4A01-8DE8-936D3AB2C10C}
	EndGlobalSection
EndGlobal
